// !$*UTF8*$!
{
	archiveVersion = 1;
	classes = {
	};
	objectVersion = 51;
	objects = {

/* Begin PBXBuildFile section */
		00D28D026038609512CC89B6 /* Pods_MovieApp.framework in Frameworks */ = {isa = PBXBuildFile; fileRef = 625D33A7D12F5E7E1FFDCFF5 /* Pods_MovieApp.framework */; };
		939B6138242BA11600F64AEA /* AppDelegate.swift in Sources */ = {isa = PBXBuildFile; fileRef = 939B6137242BA11600F64AEA /* AppDelegate.swift */; };
		939B613A242BA11600F64AEA /* SceneDelegate.swift in Sources */ = {isa = PBXBuildFile; fileRef = 939B6139242BA11600F64AEA /* SceneDelegate.swift */; };
		939B613C242BA11600F64AEA /* ViewController.swift in Sources */ = {isa = PBXBuildFile; fileRef = 939B613B242BA11600F64AEA /* ViewController.swift */; };
		939B613F242BA11600F64AEA /* Main.storyboard in Resources */ = {isa = PBXBuildFile; fileRef = 939B613D242BA11600F64AEA /* Main.storyboard */; };
		939B6141242BA11800F64AEA /* Assets.xcassets in Resources */ = {isa = PBXBuildFile; fileRef = 939B6140242BA11800F64AEA /* Assets.xcassets */; };
		939B6144242BA11800F64AEA /* LaunchScreen.storyboard in Resources */ = {isa = PBXBuildFile; fileRef = 939B6142242BA11800F64AEA /* LaunchScreen.storyboard */; };
		939B614F242BA11900F64AEA /* MovieAppTests.swift in Sources */ = {isa = PBXBuildFile; fileRef = 939B614E242BA11900F64AEA /* MovieAppTests.swift */; };
		939B615A242BA3EB00F64AEA /* Coordinator.swift in Sources */ = {isa = PBXBuildFile; fileRef = 939B6159242BA3EB00F64AEA /* Coordinator.swift */; };
		939B615C242BAACC00F64AEA /* Movie.swift in Sources */ = {isa = PBXBuildFile; fileRef = 939B615B242BAACC00F64AEA /* Movie.swift */; };
		939B615E242BAAF800F64AEA /* Result.swift in Sources */ = {isa = PBXBuildFile; fileRef = 939B615D242BAAF800F64AEA /* Result.swift */; };
		939B6163242BAB5E00F64AEA /* MovieService.swift in Sources */ = {isa = PBXBuildFile; fileRef = 939B6162242BAB5E00F64AEA /* MovieService.swift */; };
		939B6166242BAB9900F64AEA /* MovieRequest.swift in Sources */ = {isa = PBXBuildFile; fileRef = 939B6165242BAB9900F64AEA /* MovieRequest.swift */; };
		939B6168242BABE100F64AEA /* APIRequest.swift in Sources */ = {isa = PBXBuildFile; fileRef = 939B6167242BABE100F64AEA /* APIRequest.swift */; };
		939B616A242BB4C800F64AEA /* AppConstans.swift in Sources */ = {isa = PBXBuildFile; fileRef = 939B6169242BB4C800F64AEA /* AppConstans.swift */; };
		9BF383A7EB7F5FCB1C27DADB /* Pods_MovieAppTests.framework in Frameworks */ = {isa = PBXBuildFile; fileRef = C1B5C4D35C83D5611469B3E6 /* Pods_MovieAppTests.framework */; };
/* End PBXBuildFile section */

/* Begin PBXContainerItemProxy section */
		939B614B242BA11900F64AEA /* PBXContainerItemProxy */ = {
			isa = PBXContainerItemProxy;
			containerPortal = 939B612C242BA11600F64AEA /* Project object */;
			proxyType = 1;
			remoteGlobalIDString = 939B6133242BA11600F64AEA;
			remoteInfo = MovieApp;
		};
/* End PBXContainerItemProxy section */

/* Begin PBXFileReference section */
		38A16BC33CD5008261A9E66A /* Pods-MovieApp.release.xcconfig */ = {isa = PBXFileReference; includeInIndex = 1; lastKnownFileType = text.xcconfig; name = "Pods-MovieApp.release.xcconfig"; path = "Target Support Files/Pods-MovieApp/Pods-MovieApp.release.xcconfig"; sourceTree = "<group>"; };
		4FD3A511B17854F3BFA6E8AF /* Pods-MovieAppTests.release.xcconfig */ = {isa = PBXFileReference; includeInIndex = 1; lastKnownFileType = text.xcconfig; name = "Pods-MovieAppTests.release.xcconfig"; path = "Target Support Files/Pods-MovieAppTests/Pods-MovieAppTests.release.xcconfig"; sourceTree = "<group>"; };
		59E24F1751AF0B5340B9DFA4 /* Pods-MovieAppTests.debug.xcconfig */ = {isa = PBXFileReference; includeInIndex = 1; lastKnownFileType = text.xcconfig; name = "Pods-MovieAppTests.debug.xcconfig"; path = "Target Support Files/Pods-MovieAppTests/Pods-MovieAppTests.debug.xcconfig"; sourceTree = "<group>"; };
		625D33A7D12F5E7E1FFDCFF5 /* Pods_MovieApp.framework */ = {isa = PBXFileReference; explicitFileType = wrapper.framework; includeInIndex = 0; path = Pods_MovieApp.framework; sourceTree = BUILT_PRODUCTS_DIR; };
		939B6134242BA11600F64AEA /* MovieApp.app */ = {isa = PBXFileReference; explicitFileType = wrapper.application; includeInIndex = 0; path = MovieApp.app; sourceTree = BUILT_PRODUCTS_DIR; };
		939B6137242BA11600F64AEA /* AppDelegate.swift */ = {isa = PBXFileReference; lastKnownFileType = sourcecode.swift; path = AppDelegate.swift; sourceTree = "<group>"; };
		939B6139242BA11600F64AEA /* SceneDelegate.swift */ = {isa = PBXFileReference; lastKnownFileType = sourcecode.swift; path = SceneDelegate.swift; sourceTree = "<group>"; };
		939B613B242BA11600F64AEA /* ViewController.swift */ = {isa = PBXFileReference; lastKnownFileType = sourcecode.swift; path = ViewController.swift; sourceTree = "<group>"; };
		939B613E242BA11600F64AEA /* Base */ = {isa = PBXFileReference; lastKnownFileType = file.storyboard; name = Base; path = Base.lproj/Main.storyboard; sourceTree = "<group>"; };
		939B6140242BA11800F64AEA /* Assets.xcassets */ = {isa = PBXFileReference; lastKnownFileType = folder.assetcatalog; path = Assets.xcassets; sourceTree = "<group>"; };
		939B6143242BA11800F64AEA /* Base */ = {isa = PBXFileReference; lastKnownFileType = file.storyboard; name = Base; path = Base.lproj/LaunchScreen.storyboard; sourceTree = "<group>"; };
		939B6145242BA11800F64AEA /* Info.plist */ = {isa = PBXFileReference; lastKnownFileType = text.plist.xml; path = Info.plist; sourceTree = "<group>"; };
		939B614A242BA11900F64AEA /* MovieAppTests.xctest */ = {isa = PBXFileReference; explicitFileType = wrapper.cfbundle; includeInIndex = 0; path = MovieAppTests.xctest; sourceTree = BUILT_PRODUCTS_DIR; };
		939B614E242BA11900F64AEA /* MovieAppTests.swift */ = {isa = PBXFileReference; lastKnownFileType = sourcecode.swift; path = MovieAppTests.swift; sourceTree = "<group>"; };
		939B6150242BA11900F64AEA /* Info.plist */ = {isa = PBXFileReference; lastKnownFileType = text.plist.xml; path = Info.plist; sourceTree = "<group>"; };
		939B6159242BA3EB00F64AEA /* Coordinator.swift */ = {isa = PBXFileReference; lastKnownFileType = sourcecode.swift; path = Coordinator.swift; sourceTree = "<group>"; };
		939B615B242BAACC00F64AEA /* Movie.swift */ = {isa = PBXFileReference; lastKnownFileType = sourcecode.swift; path = Movie.swift; sourceTree = "<group>"; };
		939B615D242BAAF800F64AEA /* Result.swift */ = {isa = PBXFileReference; lastKnownFileType = sourcecode.swift; path = Result.swift; sourceTree = "<group>"; };
		939B6162242BAB5E00F64AEA /* MovieService.swift */ = {isa = PBXFileReference; lastKnownFileType = sourcecode.swift; path = MovieService.swift; sourceTree = "<group>"; };
		939B6165242BAB9900F64AEA /* MovieRequest.swift */ = {isa = PBXFileReference; lastKnownFileType = sourcecode.swift; path = MovieRequest.swift; sourceTree = "<group>"; };
		939B6167242BABE100F64AEA /* APIRequest.swift */ = {isa = PBXFileReference; lastKnownFileType = sourcecode.swift; path = APIRequest.swift; sourceTree = "<group>"; };
		939B6169242BB4C800F64AEA /* AppConstans.swift */ = {isa = PBXFileReference; lastKnownFileType = sourcecode.swift; path = AppConstans.swift; sourceTree = "<group>"; };
		C1B5C4D35C83D5611469B3E6 /* Pods_MovieAppTests.framework */ = {isa = PBXFileReference; explicitFileType = wrapper.framework; includeInIndex = 0; path = Pods_MovieAppTests.framework; sourceTree = BUILT_PRODUCTS_DIR; };
		F1FDE844A0EB328A8B54911C /* Pods-MovieApp.debug.xcconfig */ = {isa = PBXFileReference; includeInIndex = 1; lastKnownFileType = text.xcconfig; name = "Pods-MovieApp.debug.xcconfig"; path = "Target Support Files/Pods-MovieApp/Pods-MovieApp.debug.xcconfig"; sourceTree = "<group>"; };
/* End PBXFileReference section */

/* Begin PBXFrameworksBuildPhase section */
		939B6131242BA11600F64AEA /* Frameworks */ = {
			isa = PBXFrameworksBuildPhase;
			buildActionMask = 2147483647;
			files = (
				00D28D026038609512CC89B6 /* Pods_MovieApp.framework in Frameworks */,
			);
			runOnlyForDeploymentPostprocessing = 0;
		};
		939B6147242BA11900F64AEA /* Frameworks */ = {
			isa = PBXFrameworksBuildPhase;
			buildActionMask = 2147483647;
			files = (
				9BF383A7EB7F5FCB1C27DADB /* Pods_MovieAppTests.framework in Frameworks */,
			);
			runOnlyForDeploymentPostprocessing = 0;
		};
/* End PBXFrameworksBuildPhase section */

/* Begin PBXGroup section */
		1D628B7CB43D75B85760BACE /* Frameworks */ = {
			isa = PBXGroup;
			children = (
				625D33A7D12F5E7E1FFDCFF5 /* Pods_MovieApp.framework */,
				C1B5C4D35C83D5611469B3E6 /* Pods_MovieAppTests.framework */,
			);
			name = Frameworks;
			sourceTree = "<group>";
		};
		544103478045016DDB3AAC25 /* Pods */ = {
			isa = PBXGroup;
			children = (
				F1FDE844A0EB328A8B54911C /* Pods-MovieApp.debug.xcconfig */,
				38A16BC33CD5008261A9E66A /* Pods-MovieApp.release.xcconfig */,
				59E24F1751AF0B5340B9DFA4 /* Pods-MovieAppTests.debug.xcconfig */,
				4FD3A511B17854F3BFA6E8AF /* Pods-MovieAppTests.release.xcconfig */,
			);
			path = Pods;
			sourceTree = "<group>";
		};
		939B612B242BA11600F64AEA = {
			isa = PBXGroup;
			children = (
				939B6136242BA11600F64AEA /* MovieApp */,
				939B614D242BA11900F64AEA /* MovieAppTests */,
				939B6135242BA11600F64AEA /* Products */,
				544103478045016DDB3AAC25 /* Pods */,
				1D628B7CB43D75B85760BACE /* Frameworks */,
			);
			sourceTree = "<group>";
		};
		939B6135242BA11600F64AEA /* Products */ = {
			isa = PBXGroup;
			children = (
				939B6134242BA11600F64AEA /* MovieApp.app */,
				939B614A242BA11900F64AEA /* MovieAppTests.xctest */,
			);
			name = Products;
			sourceTree = "<group>";
		};
		939B6136242BA11600F64AEA /* MovieApp */ = {
			isa = PBXGroup;
			children = (
				939B615F242BAB1000F64AEA /* MoviesList */,
				939B6137242BA11600F64AEA /* AppDelegate.swift */,
				939B6139242BA11600F64AEA /* SceneDelegate.swift */,
				939B613D242BA11600F64AEA /* Main.storyboard */,
				939B6140242BA11800F64AEA /* Assets.xcassets */,
				939B6142242BA11800F64AEA /* LaunchScreen.storyboard */,
				939B6145242BA11800F64AEA /* Info.plist */,
				939B6159242BA3EB00F64AEA /* Coordinator.swift */,
				939B6167242BABE100F64AEA /* APIRequest.swift */,
				939B6169242BB4C800F64AEA /* AppConstans.swift */,
			);
			path = MovieApp;
			sourceTree = "<group>";
		};
		939B614D242BA11900F64AEA /* MovieAppTests */ = {
			isa = PBXGroup;
			children = (
				939B614E242BA11900F64AEA /* MovieAppTests.swift */,
				939B6150242BA11900F64AEA /* Info.plist */,
			);
			path = MovieAppTests;
			sourceTree = "<group>";
		};
		939B615F242BAB1000F64AEA /* MoviesList */ = {
			isa = PBXGroup;
			children = (
				939B6164242BAB6300F64AEA /* Services */,
				939B6161242BAB2500F64AEA /* Views */,
				939B6160242BAB1B00F64AEA /* Model */,
			);
			path = MoviesList;
			sourceTree = "<group>";
		};
		939B6160242BAB1B00F64AEA /* Model */ = {
			isa = PBXGroup;
			children = (
				939B615B242BAACC00F64AEA /* Movie.swift */,
				939B615D242BAAF800F64AEA /* Result.swift */,
			);
			path = Model;
			sourceTree = "<group>";
		};
		939B6161242BAB2500F64AEA /* Views */ = {
			isa = PBXGroup;
			children = (
				939B613B242BA11600F64AEA /* ViewController.swift */,
			);
			path = Views;
			sourceTree = "<group>";
		};
		939B6164242BAB6300F64AEA /* Services */ = {
			isa = PBXGroup;
			children = (
				939B6162242BAB5E00F64AEA /* MovieService.swift */,
				939B6165242BAB9900F64AEA /* MovieRequest.swift */,
			);
			path = Services;
			sourceTree = "<group>";
		};
/* End PBXGroup section */

/* Begin PBXNativeTarget section */
		939B6133242BA11600F64AEA /* MovieApp */ = {
			isa = PBXNativeTarget;
			buildConfigurationList = 939B6153242BA11900F64AEA /* Build configuration list for PBXNativeTarget "MovieApp" */;
			buildPhases = (
				C0A5642C76C55BD18131B420 /* [CP] Check Pods Manifest.lock */,
				939B6130242BA11600F64AEA /* Sources */,
				939B6131242BA11600F64AEA /* Frameworks */,
				939B6132242BA11600F64AEA /* Resources */,
				51ACD24EDEDFB9D7F92E2904 /* [CP] Embed Pods Frameworks */,
			);
			buildRules = (
			);
			dependencies = (
			);
			name = MovieApp;
			productName = MovieApp;
			productReference = 939B6134242BA11600F64AEA /* MovieApp.app */;
			productType = "com.apple.product-type.application";
		};
		939B6149242BA11900F64AEA /* MovieAppTests */ = {
			isa = PBXNativeTarget;
			buildConfigurationList = 939B6156242BA11900F64AEA /* Build configuration list for PBXNativeTarget "MovieAppTests" */;
			buildPhases = (
				C46970B93CB476CA3B36B1DF /* [CP] Check Pods Manifest.lock */,
				939B6146242BA11900F64AEA /* Sources */,
				939B6147242BA11900F64AEA /* Frameworks */,
				939B6148242BA11900F64AEA /* Resources */,
			);
			buildRules = (
			);
			dependencies = (
				939B614C242BA11900F64AEA /* PBXTargetDependency */,
			);
			name = MovieAppTests;
			productName = MovieAppTests;
			productReference = 939B614A242BA11900F64AEA /* MovieAppTests.xctest */;
			productType = "com.apple.product-type.bundle.unit-test";
		};
/* End PBXNativeTarget section */

/* Begin PBXProject section */
		939B612C242BA11600F64AEA /* Project object */ = {
			isa = PBXProject;
			attributes = {
				LastSwiftUpdateCheck = 1120;
				LastUpgradeCheck = 1120;
				ORGANIZATIONNAME = Elliot;
				TargetAttributes = {
					939B6133242BA11600F64AEA = {
						CreatedOnToolsVersion = 11.2.1;
					};
					939B6149242BA11900F64AEA = {
						CreatedOnToolsVersion = 11.2.1;
						TestTargetID = 939B6133242BA11600F64AEA;
					};
				};
			};
			buildConfigurationList = 939B612F242BA11600F64AEA /* Build configuration list for PBXProject "MovieApp" */;
			compatibilityVersion = "Xcode 9.3";
			developmentRegion = en;
			hasScannedForEncodings = 0;
			knownRegions = (
				en,
				Base,
			);
			mainGroup = 939B612B242BA11600F64AEA;
			productRefGroup = 939B6135242BA11600F64AEA /* Products */;
			projectDirPath = "";
			projectRoot = "";
			targets = (
				939B6133242BA11600F64AEA /* MovieApp */,
				939B6149242BA11900F64AEA /* MovieAppTests */,
			);
		};
/* End PBXProject section */

/* Begin PBXResourcesBuildPhase section */
		939B6132242BA11600F64AEA /* Resources */ = {
			isa = PBXResourcesBuildPhase;
			buildActionMask = 2147483647;
			files = (
				939B6144242BA11800F64AEA /* LaunchScreen.storyboard in Resources */,
				939B6141242BA11800F64AEA /* Assets.xcassets in Resources */,
				939B613F242BA11600F64AEA /* Main.storyboard in Resources */,
			);
			runOnlyForDeploymentPostprocessing = 0;
		};
		939B6148242BA11900F64AEA /* Resources */ = {
			isa = PBXResourcesBuildPhase;
			buildActionMask = 2147483647;
			files = (
			);
			runOnlyForDeploymentPostprocessing = 0;
		};
/* End PBXResourcesBuildPhase section */

/* Begin PBXShellScriptBuildPhase section */
		51ACD24EDEDFB9D7F92E2904 /* [CP] Embed Pods Frameworks */ = {
			isa = PBXShellScriptBuildPhase;
			buildActionMask = 2147483647;
			files = (
			);
			inputFileListPaths = (
				"${PODS_ROOT}/Target Support Files/Pods-MovieApp/Pods-MovieApp-frameworks-${CONFIGURATION}-input-files.xcfilelist",
			);
			name = "[CP] Embed Pods Frameworks";
			outputFileListPaths = (
				"${PODS_ROOT}/Target Support Files/Pods-MovieApp/Pods-MovieApp-frameworks-${CONFIGURATION}-output-files.xcfilelist",
			);
			runOnlyForDeploymentPostprocessing = 0;
			shellPath = /bin/sh;
			shellScript = "\"${PODS_ROOT}/Target Support Files/Pods-MovieApp/Pods-MovieApp-frameworks.sh\"\n";
			showEnvVarsInLog = 0;
		};
		C0A5642C76C55BD18131B420 /* [CP] Check Pods Manifest.lock */ = {
			isa = PBXShellScriptBuildPhase;
			buildActionMask = 2147483647;
			files = (
			);
			inputFileListPaths = (
			);
			inputPaths = (
				"${PODS_PODFILE_DIR_PATH}/Podfile.lock",
				"${PODS_ROOT}/Manifest.lock",
			);
			name = "[CP] Check Pods Manifest.lock";
			outputFileListPaths = (
			);
			outputPaths = (
				"$(DERIVED_FILE_DIR)/Pods-MovieApp-checkManifestLockResult.txt",
			);
			runOnlyForDeploymentPostprocessing = 0;
			shellPath = /bin/sh;
			shellScript = "diff \"${PODS_PODFILE_DIR_PATH}/Podfile.lock\" \"${PODS_ROOT}/Manifest.lock\" > /dev/null\nif [ $? != 0 ] ; then\n    # print error to STDERR\n    echo \"error: The sandbox is not in sync with the Podfile.lock. Run 'pod install' or update your CocoaPods installation.\" >&2\n    exit 1\nfi\n# This output is used by Xcode 'outputs' to avoid re-running this script phase.\necho \"SUCCESS\" > \"${SCRIPT_OUTPUT_FILE_0}\"\n";
			showEnvVarsInLog = 0;
		};
		C46970B93CB476CA3B36B1DF /* [CP] Check Pods Manifest.lock */ = {
			isa = PBXShellScriptBuildPhase;
			buildActionMask = 2147483647;
			files = (
			);
			inputFileListPaths = (
			);
			inputPaths = (
				"${PODS_PODFILE_DIR_PATH}/Podfile.lock",
				"${PODS_ROOT}/Manifest.lock",
			);
			name = "[CP] Check Pods Manifest.lock";
			outputFileListPaths = (
			);
			outputPaths = (
				"$(DERIVED_FILE_DIR)/Pods-MovieAppTests-checkManifestLockResult.txt",
			);
			runOnlyForDeploymentPostprocessing = 0;
			shellPath = /bin/sh;
			shellScript = "diff \"${PODS_PODFILE_DIR_PATH}/Podfile.lock\" \"${PODS_ROOT}/Manifest.lock\" > /dev/null\nif [ $? != 0 ] ; then\n    # print error to STDERR\n    echo \"error: The sandbox is not in sync with the Podfile.lock. Run 'pod install' or update your CocoaPods installation.\" >&2\n    exit 1\nfi\n# This output is used by Xcode 'outputs' to avoid re-running this script phase.\necho \"SUCCESS\" > \"${SCRIPT_OUTPUT_FILE_0}\"\n";
			showEnvVarsInLog = 0;
		};
/* End PBXShellScriptBuildPhase section */

/* Begin PBXSourcesBuildPhase section */
		939B6130242BA11600F64AEA /* Sources */ = {
			isa = PBXSourcesBuildPhase;
			buildActionMask = 2147483647;
			files = (
				939B615E242BAAF800F64AEA /* Result.swift in Sources */,
				939B615A242BA3EB00F64AEA /* Coordinator.swift in Sources */,
				939B613C242BA11600F64AEA /* ViewController.swift in Sources */,
				939B6138242BA11600F64AEA /* AppDelegate.swift in Sources */,
				939B613A242BA11600F64AEA /* SceneDelegate.swift in Sources */,
				939B615C242BAACC00F64AEA /* Movie.swift in Sources */,
				939B616A242BB4C800F64AEA /* AppConstans.swift in Sources */,
				939B6166242BAB9900F64AEA /* MovieRequest.swift in Sources */,
				939B6168242BABE100F64AEA /* APIRequest.swift in Sources */,
				939B6163242BAB5E00F64AEA /* MovieService.swift in Sources */,
			);
			runOnlyForDeploymentPostprocessing = 0;
		};
		939B6146242BA11900F64AEA /* Sources */ = {
			isa = PBXSourcesBuildPhase;
			buildActionMask = 2147483647;
			files = (
				939B614F242BA11900F64AEA /* MovieAppTests.swift in Sources */,
			);
			runOnlyForDeploymentPostprocessing = 0;
		};
/* End PBXSourcesBuildPhase section */

/* Begin PBXTargetDependency section */
		939B614C242BA11900F64AEA /* PBXTargetDependency */ = {
			isa = PBXTargetDependency;
			target = 939B6133242BA11600F64AEA /* MovieApp */;
			targetProxy = 939B614B242BA11900F64AEA /* PBXContainerItemProxy */;
		};
/* End PBXTargetDependency section */

/* Begin PBXVariantGroup section */
		939B613D242BA11600F64AEA /* Main.storyboard */ = {
			isa = PBXVariantGroup;
			children = (
				939B613E242BA11600F64AEA /* Base */,
			);
			name = Main.storyboard;
			sourceTree = "<group>";
		};
		939B6142242BA11800F64AEA /* LaunchScreen.storyboard */ = {
			isa = PBXVariantGroup;
			children = (
				939B6143242BA11800F64AEA /* Base */,
			);
			name = LaunchScreen.storyboard;
			sourceTree = "<group>";
		};
/* End PBXVariantGroup section */

/* Begin XCBuildConfiguration section */
		939B6151242BA11900F64AEA /* Debug */ = {
			isa = XCBuildConfiguration;
			buildSettings = {
				ALWAYS_SEARCH_USER_PATHS = NO;
				CLANG_ANALYZER_NONNULL = YES;
				CLANG_ANALYZER_NUMBER_OBJECT_CONVERSION = YES_AGGRESSIVE;
				CLANG_CXX_LANGUAGE_STANDARD = "gnu++14";
				CLANG_CXX_LIBRARY = "libc++";
				CLANG_ENABLE_MODULES = YES;
				CLANG_ENABLE_OBJC_ARC = YES;
				CLANG_ENABLE_OBJC_WEAK = YES;
				CLANG_WARN_BLOCK_CAPTURE_AUTORELEASING = YES;
				CLANG_WARN_BOOL_CONVERSION = YES;
				CLANG_WARN_COMMA = YES;
				CLANG_WARN_CONSTANT_CONVERSION = YES;
				CLANG_WARN_DEPRECATED_OBJC_IMPLEMENTATIONS = YES;
				CLANG_WARN_DIRECT_OBJC_ISA_USAGE = YES_ERROR;
				CLANG_WARN_DOCUMENTATION_COMMENTS = YES;
				CLANG_WARN_EMPTY_BODY = YES;
				CLANG_WARN_ENUM_CONVERSION = YES;
				CLANG_WARN_INFINITE_RECURSION = YES;
				CLANG_WARN_INT_CONVERSION = YES;
				CLANG_WARN_NON_LITERAL_NULL_CONVERSION = YES;
				CLANG_WARN_OBJC_IMPLICIT_RETAIN_SELF = YES;
				CLANG_WARN_OBJC_LITERAL_CONVERSION = YES;
				CLANG_WARN_OBJC_ROOT_CLASS = YES_ERROR;
				CLANG_WARN_RANGE_LOOP_ANALYSIS = YES;
				CLANG_WARN_STRICT_PROTOTYPES = YES;
				CLANG_WARN_SUSPICIOUS_MOVE = YES;
				CLANG_WARN_UNGUARDED_AVAILABILITY = YES_AGGRESSIVE;
				CLANG_WARN_UNREACHABLE_CODE = YES;
				CLANG_WARN__DUPLICATE_METHOD_MATCH = YES;
				COPY_PHASE_STRIP = NO;
				DEBUG_INFORMATION_FORMAT = dwarf;
				ENABLE_STRICT_OBJC_MSGSEND = YES;
				ENABLE_TESTABILITY = YES;
				GCC_C_LANGUAGE_STANDARD = gnu11;
				GCC_DYNAMIC_NO_PIC = NO;
				GCC_NO_COMMON_BLOCKS = YES;
				GCC_OPTIMIZATION_LEVEL = 0;
				GCC_PREPROCESSOR_DEFINITIONS = (
					"DEBUG=1",
					"$(inherited)",
				);
				GCC_WARN_64_TO_32_BIT_CONVERSION = YES;
				GCC_WARN_ABOUT_RETURN_TYPE = YES_ERROR;
				GCC_WARN_UNDECLARED_SELECTOR = YES;
				GCC_WARN_UNINITIALIZED_AUTOS = YES_AGGRESSIVE;
				GCC_WARN_UNUSED_FUNCTION = YES;
				GCC_WARN_UNUSED_VARIABLE = YES;
				IPHONEOS_DEPLOYMENT_TARGET = 13.2;
				MTL_ENABLE_DEBUG_INFO = INCLUDE_SOURCE;
				MTL_FAST_MATH = YES;
				ONLY_ACTIVE_ARCH = YES;
				SDKROOT = iphoneos;
				SWIFT_ACTIVE_COMPILATION_CONDITIONS = DEBUG;
				SWIFT_OPTIMIZATION_LEVEL = "-Onone";
			};
			name = Debug;
		};
		939B6152242BA11900F64AEA /* Release */ = {
			isa = XCBuildConfiguration;
			buildSettings = {
				ALWAYS_SEARCH_USER_PATHS = NO;
				CLANG_ANALYZER_NONNULL = YES;
				CLANG_ANALYZER_NUMBER_OBJECT_CONVERSION = YES_AGGRESSIVE;
				CLANG_CXX_LANGUAGE_STANDARD = "gnu++14";
				CLANG_CXX_LIBRARY = "libc++";
				CLANG_ENABLE_MODULES = YES;
				CLANG_ENABLE_OBJC_ARC = YES;
				CLANG_ENABLE_OBJC_WEAK = YES;
				CLANG_WARN_BLOCK_CAPTURE_AUTORELEASING = YES;
				CLANG_WARN_BOOL_CONVERSION = YES;
				CLANG_WARN_COMMA = YES;
				CLANG_WARN_CONSTANT_CONVERSION = YES;
				CLANG_WARN_DEPRECATED_OBJC_IMPLEMENTATIONS = YES;
				CLANG_WARN_DIRECT_OBJC_ISA_USAGE = YES_ERROR;
				CLANG_WARN_DOCUMENTATION_COMMENTS = YES;
				CLANG_WARN_EMPTY_BODY = YES;
				CLANG_WARN_ENUM_CONVERSION = YES;
				CLANG_WARN_INFINITE_RECURSION = YES;
				CLANG_WARN_INT_CONVERSION = YES;
				CLANG_WARN_NON_LITERAL_NULL_CONVERSION = YES;
				CLANG_WARN_OBJC_IMPLICIT_RETAIN_SELF = YES;
				CLANG_WARN_OBJC_LITERAL_CONVERSION = YES;
				CLANG_WARN_OBJC_ROOT_CLASS = YES_ERROR;
				CLANG_WARN_RANGE_LOOP_ANALYSIS = YES;
				CLANG_WARN_STRICT_PROTOTYPES = YES;
				CLANG_WARN_SUSPICIOUS_MOVE = YES;
				CLANG_WARN_UNGUARDED_AVAILABILITY = YES_AGGRESSIVE;
				CLANG_WARN_UNREACHABLE_CODE = YES;
				CLANG_WARN__DUPLICATE_METHOD_MATCH = YES;
				COPY_PHASE_STRIP = NO;
				DEBUG_INFORMATION_FORMAT = "dwarf-with-dsym";
				ENABLE_NS_ASSERTIONS = NO;
				ENABLE_STRICT_OBJC_MSGSEND = YES;
				GCC_C_LANGUAGE_STANDARD = gnu11;
				GCC_NO_COMMON_BLOCKS = YES;
				GCC_WARN_64_TO_32_BIT_CONVERSION = YES;
				GCC_WARN_ABOUT_RETURN_TYPE = YES_ERROR;
				GCC_WARN_UNDECLARED_SELECTOR = YES;
				GCC_WARN_UNINITIALIZED_AUTOS = YES_AGGRESSIVE;
				GCC_WARN_UNUSED_FUNCTION = YES;
				GCC_WARN_UNUSED_VARIABLE = YES;
				IPHONEOS_DEPLOYMENT_TARGET = 13.2;
				MTL_ENABLE_DEBUG_INFO = NO;
				MTL_FAST_MATH = YES;
				SDKROOT = iphoneos;
				SWIFT_COMPILATION_MODE = wholemodule;
				SWIFT_OPTIMIZATION_LEVEL = "-O";
				VALIDATE_PRODUCT = YES;
			};
			name = Release;
		};
		939B6154242BA11900F64AEA /* Debug */ = {
			isa = XCBuildConfiguration;
			baseConfigurationReference = F1FDE844A0EB328A8B54911C /* Pods-MovieApp.debug.xcconfig */;
			buildSettings = {
				ASSETCATALOG_COMPILER_APPICON_NAME = AppIcon;
				CODE_SIGN_STYLE = Automatic;
				INFOPLIST_FILE = MovieApp/Info.plist;
				IPHONEOS_DEPLOYMENT_TARGET = 11.0;
				LD_RUNPATH_SEARCH_PATHS = (
					"$(inherited)",
					"@executable_path/Frameworks",
				);
				PRODUCT_BUNDLE_IDENTIFIER = com.elliot.MovieApp;
				PRODUCT_NAME = "$(TARGET_NAME)";
				SWIFT_VERSION = 5.0;
				TARGETED_DEVICE_FAMILY = 1;
			};
			name = Debug;
		};
		939B6155242BA11900F64AEA /* Release */ = {
			isa = XCBuildConfiguration;
			baseConfigurationReference = 38A16BC33CD5008261A9E66A /* Pods-MovieApp.release.xcconfig */;
			buildSettings = {
				ASSETCATALOG_COMPILER_APPICON_NAME = AppIcon;
				CODE_SIGN_STYLE = Automatic;
				INFOPLIST_FILE = MovieApp/Info.plist;
				IPHONEOS_DEPLOYMENT_TARGET = 11.0;
				LD_RUNPATH_SEARCH_PATHS = (
					"$(inherited)",
					"@executable_path/Frameworks",
				);
				PRODUCT_BUNDLE_IDENTIFIER = com.elliot.MovieApp;
				PRODUCT_NAME = "$(TARGET_NAME)";
				SWIFT_VERSION = 5.0;
				TARGETED_DEVICE_FAMILY = 1;
			};
			name = Release;
		};
		939B6157242BA11900F64AEA /* Debug */ = {
			isa = XCBuildConfiguration;
			baseConfigurationReference = 59E24F1751AF0B5340B9DFA4 /* Pods-MovieAppTests.debug.xcconfig */;
			buildSettings = {
				ALWAYS_EMBED_SWIFT_STANDARD_LIBRARIES = YES;
				BUNDLE_LOADER = "$(TEST_HOST)";
				CODE_SIGN_STYLE = Automatic;
				INFOPLIST_FILE = MovieAppTests/Info.plist;
				IPHONEOS_DEPLOYMENT_TARGET = 13.2;
				LD_RUNPATH_SEARCH_PATHS = (
					"$(inherited)",
					"@executable_path/Frameworks",
					"@loader_path/Frameworks",
				);
				PRODUCT_BUNDLE_IDENTIFIER = com.elliot.MovieAppTests;
				PRODUCT_NAME = "$(TARGET_NAME)";
				SWIFT_VERSION = 5.0;
				TARGETED_DEVICE_FAMILY = "1,2";
				TEST_HOST = "$(BUILT_PRODUCTS_DIR)/MovieApp.app/MovieApp";
			};
			name = Debug;
		};
		939B6158242BA11900F64AEA /* Release */ = {
			isa = XCBuildConfiguration;
			baseConfigurationReference = 4FD3A511B17854F3BFA6E8AF /* Pods-MovieAppTests.release.xcconfig */;
			buildSettings = {
				ALWAYS_EMBED_SWIFT_STANDARD_LIBRARIES = YES;
				BUNDLE_LOADER = "$(TEST_HOST)";
				CODE_SIGN_STYLE = Automatic;
				INFOPLIST_FILE = MovieAppTests/Info.plist;
				IPHONEOS_DEPLOYMENT_TARGET = 13.2;
				LD_RUNPATH_SEARCH_PATHS = (
					"$(inherited)",
					"@executable_path/Frameworks",
					"@loader_path/Frameworks",
				);
				PRODUCT_BUNDLE_IDENTIFIER = com.elliot.MovieAppTests;
				PRODUCT_NAME = "$(TARGET_NAME)";
				SWIFT_VERSION = 5.0;
				TARGETED_DEVICE_FAMILY = "1,2";
				TEST_HOST = "$(BUILT_PRODUCTS_DIR)/MovieApp.app/MovieApp";
			};
			name = Release;
		};
/* End XCBuildConfiguration section */

/* Begin XCConfigurationList section */
		939B612F242BA11600F64AEA /* Build configuration list for PBXProject "MovieApp" */ = {
			isa = XCConfigurationList;
			buildConfigurations = (
				939B6151242BA11900F64AEA /* Debug */,
				939B6152242BA11900F64AEA /* Release */,
			);
			defaultConfigurationIsVisible = 0;
			defaultConfigurationName = Release;
		};
		939B6153242BA11900F64AEA /* Build configuration list for PBXNativeTarget "MovieApp" */ = {
			isa = XCConfigurationList;
			buildConfigurations = (
				939B6154242BA11900F64AEA /* Debug */,
				939B6155242BA11900F64AEA /* Release */,
			);
			defaultConfigurationIsVisible = 0;
			defaultConfigurationName = Release;
		};
		939B6156242BA11900F64AEA /* Build configuration list for PBXNativeTarget "MovieAppTests" */ = {
			isa = XCConfigurationList;
			buildConfigurations = (
				939B6157242BA11900F64AEA /* Debug */,
				939B6158242BA11900F64AEA /* Release */,
			);
			defaultConfigurationIsVisible = 0;
			defaultConfigurationName = Release;
		};
/* End XCConfigurationList section */
	};
	rootObject = 939B612C242BA11600F64AEA /* Project object */;
}
